// !$*UTF8*$!
{
	archiveVersion = 1;
	classes = {
	};
	objectVersion = 50;
	objects = {

/* Begin PBXBuildFile section */
		AB421929258ED84E00FA3993 /* AppDelegate.swift in Sources */ = {isa = PBXBuildFile; fileRef = AB421928258ED84E00FA3993 /* AppDelegate.swift */; };
		AB42192B258ED84E00FA3993 /* GameScene.sks in Resources */ = {isa = PBXBuildFile; fileRef = AB42192A258ED84E00FA3993 /* GameScene.sks */; };
		AB42192F258ED84E00FA3993 /* GameScene.swift in Sources */ = {isa = PBXBuildFile; fileRef = AB42192E258ED84E00FA3993 /* GameScene.swift */; };
		AB421931258ED84E00FA3993 /* GameViewController.swift in Sources */ = {isa = PBXBuildFile; fileRef = AB421930258ED84E00FA3993 /* GameViewController.swift */; };
		AB421934258ED84E00FA3993 /* Main.storyboard in Resources */ = {isa = PBXBuildFile; fileRef = AB421932258ED84E00FA3993 /* Main.storyboard */; };
		AB421936258ED84F00FA3993 /* Assets.xcassets in Resources */ = {isa = PBXBuildFile; fileRef = AB421935258ED84F00FA3993 /* Assets.xcassets */; };
		AB421939258ED84F00FA3993 /* LaunchScreen.storyboard in Resources */ = {isa = PBXBuildFile; fileRef = AB421937258ED84F00FA3993 /* LaunchScreen.storyboard */; };
		AB6092E12599130100D69CDD /* MenuScene.sks in Resources */ = {isa = PBXBuildFile; fileRef = AB6092E02599130100D69CDD /* MenuScene.sks */; };
		AB6092E32599188600D69CDD /* MenuScene.swift in Sources */ = {isa = PBXBuildFile; fileRef = AB6092E22599188600D69CDD /* MenuScene.swift */; };
		AB6092E725993D2700D69CDD /* Explosion.sks in Resources */ = {isa = PBXBuildFile; fileRef = AB6092E625993D2700D69CDD /* Explosion.sks */; };
		AB90FE69258F9A900087A7F3 /* Settings.swift in Sources */ = {isa = PBXBuildFile; fileRef = AB90FE68258F9A900087A7F3 /* Settings.swift */; };
		ABD1C561259109620048C0C0 /* Helper.swift in Sources */ = {isa = PBXBuildFile; fileRef = ABD1C560259109620048C0C0 /* Helper.swift */; };
/* End PBXBuildFile section */

/* Begin PBXFileReference section */
		AB421925258ED84E00FA3993 /* MobileAndGamingDevices.app */ = {isa = PBXFileReference; explicitFileType = wrapper.application; includeInIndex = 0; path = MobileAndGamingDevices.app; sourceTree = BUILT_PRODUCTS_DIR; };
		AB421928258ED84E00FA3993 /* AppDelegate.swift */ = {isa = PBXFileReference; lastKnownFileType = sourcecode.swift; path = AppDelegate.swift; sourceTree = "<group>"; };
		AB42192A258ED84E00FA3993 /* GameScene.sks */ = {isa = PBXFileReference; lastKnownFileType = file.sks; path = GameScene.sks; sourceTree = "<group>"; };
		AB42192E258ED84E00FA3993 /* GameScene.swift */ = {isa = PBXFileReference; lastKnownFileType = sourcecode.swift; path = GameScene.swift; sourceTree = "<group>"; };
		AB421930258ED84E00FA3993 /* GameViewController.swift */ = {isa = PBXFileReference; lastKnownFileType = sourcecode.swift; path = GameViewController.swift; sourceTree = "<group>"; };
		AB421933258ED84E00FA3993 /* Base */ = {isa = PBXFileReference; lastKnownFileType = file.storyboard; name = Base; path = Base.lproj/Main.storyboard; sourceTree = "<group>"; };
		AB421935258ED84F00FA3993 /* Assets.xcassets */ = {isa = PBXFileReference; lastKnownFileType = folder.assetcatalog; path = Assets.xcassets; sourceTree = "<group>"; };
		AB421938258ED84F00FA3993 /* Base */ = {isa = PBXFileReference; lastKnownFileType = file.storyboard; name = Base; path = Base.lproj/LaunchScreen.storyboard; sourceTree = "<group>"; };
		AB42193A258ED84F00FA3993 /* Info.plist */ = {isa = PBXFileReference; lastKnownFileType = text.plist.xml; path = Info.plist; sourceTree = "<group>"; };
		AB6092E02599130100D69CDD /* MenuScene.sks */ = {isa = PBXFileReference; lastKnownFileType = file.sks; path = MenuScene.sks; sourceTree = "<group>"; };
		AB6092E22599188600D69CDD /* MenuScene.swift */ = {isa = PBXFileReference; lastKnownFileType = sourcecode.swift; path = MenuScene.swift; sourceTree = "<group>"; };
		AB6092E625993D2700D69CDD /* Explosion.sks */ = {isa = PBXFileReference; lastKnownFileType = file.sks; name = Explosion.sks; path = ../../../../../Downloads/Explosion.sks; sourceTree = "<group>"; };
		AB90FE68258F9A900087A7F3 /* Settings.swift */ = {isa = PBXFileReference; lastKnownFileType = sourcecode.swift; path = Settings.swift; sourceTree = "<group>"; };
		ABD1C560259109620048C0C0 /* Helper.swift */ = {isa = PBXFileReference; lastKnownFileType = sourcecode.swift; path = Helper.swift; sourceTree = "<group>"; };
/* End PBXFileReference section */

/* Begin PBXFrameworksBuildPhase section */
		AB421922258ED84E00FA3993 /* Frameworks */ = {
			isa = PBXFrameworksBuildPhase;
			buildActionMask = 2147483647;
			files = (
			);
			runOnlyForDeploymentPostprocessing = 0;
		};
/* End PBXFrameworksBuildPhase section */

/* Begin PBXGroup section */
		AB42191C258ED84E00FA3993 = {
			isa = PBXGroup;
			children = (
				AB421927258ED84E00FA3993 /* MobileAndGamingDevices */,
				AB421926258ED84E00FA3993 /* Products */,
			);
			sourceTree = "<group>";
		};
		AB421926258ED84E00FA3993 /* Products */ = {
			isa = PBXGroup;
			children = (
				AB421925258ED84E00FA3993 /* MobileAndGamingDevices.app */,
			);
			name = Products;
			sourceTree = "<group>";
		};
		AB421927258ED84E00FA3993 /* MobileAndGamingDevices */ = {
			isa = PBXGroup;
			children = (
				AB42193A258ED84F00FA3993 /* Info.plist */,
				AB90FE65258ED9490087A7F3 /* Assets */,
				AB421942258ED8BB00FA3993 /* Scenes */,
				AB90FE66258ED9590087A7F3 /* Template */,
				AB90FE67258ED9690087A7F3 /* View Controller */,
			);
			path = MobileAndGamingDevices;
			sourceTree = "<group>";
		};
		AB421942258ED8BB00FA3993 /* Scenes */ = {
			isa = PBXGroup;
			children = (
				AB6092E525991DEC00D69CDD /* Menu */,
				AB6092E425991DE100D69CDD /* Game */,
			);
			path = Scenes;
			sourceTree = "<group>";
		};
		AB6092E425991DE100D69CDD /* Game */ = {
			isa = PBXGroup;
			children = (
				AB42192A258ED84E00FA3993 /* GameScene.sks */,
				AB42192E258ED84E00FA3993 /* GameScene.swift */,
			);
			path = Game;
			sourceTree = "<group>";
		};
		AB6092E525991DEC00D69CDD /* Menu */ = {
			isa = PBXGroup;
			children = (
				AB6092E02599130100D69CDD /* MenuScene.sks */,
				AB6092E22599188600D69CDD /* MenuScene.swift */,
			);
			path = Menu;
			sourceTree = "<group>";
		};
		AB90FE65258ED9490087A7F3 /* Assets */ = {
			isa = PBXGroup;
			children = (
				AB421932258ED84E00FA3993 /* Main.storyboard */,
				AB421935258ED84F00FA3993 /* Assets.xcassets */,
				AB6092E625993D2700D69CDD /* Explosion.sks */,
				AB421937258ED84F00FA3993 /* LaunchScreen.storyboard */,
			);
			path = Assets;
			sourceTree = "<group>";
		};
		AB90FE66258ED9590087A7F3 /* Template */ = {
			isa = PBXGroup;
			children = (
				AB421928258ED84E00FA3993 /* AppDelegate.swift */,
				AB90FE68258F9A900087A7F3 /* Settings.swift */,
				ABD1C560259109620048C0C0 /* Helper.swift */,
			);
			path = Template;
			sourceTree = "<group>";
		};
		AB90FE67258ED9690087A7F3 /* View Controller */ = {
			isa = PBXGroup;
			children = (
				AB421930258ED84E00FA3993 /* GameViewController.swift */,
			);
			path = "View Controller";
			sourceTree = "<group>";
		};
/* End PBXGroup section */

/* Begin PBXNativeTarget section */
		AB421924258ED84E00FA3993 /* MobileAndGamingDevices */ = {
			isa = PBXNativeTarget;
			buildConfigurationList = AB42193D258ED84F00FA3993 /* Build configuration list for PBXNativeTarget "MobileAndGamingDevices" */;
			buildPhases = (
				AB421921258ED84E00FA3993 /* Sources */,
				AB421922258ED84E00FA3993 /* Frameworks */,
				AB421923258ED84E00FA3993 /* Resources */,
			);
			buildRules = (
			);
			dependencies = (
			);
			name = MobileAndGamingDevices;
			productName = MobileAndGamingDevices;
			productReference = AB421925258ED84E00FA3993 /* MobileAndGamingDevices.app */;
			productType = "com.apple.product-type.application";
		};
/* End PBXNativeTarget section */

/* Begin PBXProject section */
		AB42191D258ED84E00FA3993 /* Project object */ = {
			isa = PBXProject;
			attributes = {
				LastSwiftUpdateCheck = 1130;
				LastUpgradeCheck = 1130;
				ORGANIZATIONNAME = "COWARD, MALACHI (Student)";
				TargetAttributes = {
					AB421924258ED84E00FA3993 = {
						CreatedOnToolsVersion = 11.3.1;
					};
				};
			};
			buildConfigurationList = AB421920258ED84E00FA3993 /* Build configuration list for PBXProject "MobileAndGamingDevices" */;
			compatibilityVersion = "Xcode 9.3";
			developmentRegion = en;
			hasScannedForEncodings = 0;
			knownRegions = (
				en,
				Base,
			);
			mainGroup = AB42191C258ED84E00FA3993;
			productRefGroup = AB421926258ED84E00FA3993 /* Products */;
			projectDirPath = "";
			projectRoot = "";
			targets = (
				AB421924258ED84E00FA3993 /* MobileAndGamingDevices */,
			);
		};
/* End PBXProject section */

/* Begin PBXResourcesBuildPhase section */
		AB421923258ED84E00FA3993 /* Resources */ = {
			isa = PBXResourcesBuildPhase;
			buildActionMask = 2147483647;
			files = (
				AB421934258ED84E00FA3993 /* Main.storyboard in Resources */,
				AB42192B258ED84E00FA3993 /* GameScene.sks in Resources */,
				AB421936258ED84F00FA3993 /* Assets.xcassets in Resources */,
				AB6092E12599130100D69CDD /* MenuScene.sks in Resources */,
				AB421939258ED84F00FA3993 /* LaunchScreen.storyboard in Resources */,
				AB6092E725993D2700D69CDD /* Explosion.sks in Resources */,
			);
			runOnlyForDeploymentPostprocessing = 0;
		};
/* End PBXResourcesBuildPhase section */

/* Begin PBXSourcesBuildPhase section */
		AB421921258ED84E00FA3993 /* Sources */ = {
			isa = PBXSourcesBuildPhase;
			buildActionMask = 2147483647;
			files = (
				AB42192F258ED84E00FA3993 /* GameScene.swift in Sources */,
				AB421931258ED84E00FA3993 /* GameViewController.swift in Sources */,
				ABD1C561259109620048C0C0 /* Helper.swift in Sources */,
				AB6092E32599188600D69CDD /* MenuScene.swift in Sources */,
				AB90FE69258F9A900087A7F3 /* Settings.swift in Sources */,
				AB421929258ED84E00FA3993 /* AppDelegate.swift in Sources */,
			);
			runOnlyForDeploymentPostprocessing = 0;
		};
/* End PBXSourcesBuildPhase section */

/* Begin PBXVariantGroup section */
		AB421932258ED84E00FA3993 /* Main.storyboard */ = {
			isa = PBXVariantGroup;
			children = (
				AB421933258ED84E00FA3993 /* Base */,
			);
			name = Main.storyboard;
			sourceTree = "<group>";
		};
		AB421937258ED84F00FA3993 /* LaunchScreen.storyboard */ = {
			isa = PBXVariantGroup;
			children = (
				AB421938258ED84F00FA3993 /* Base */,
			);
			name = LaunchScreen.storyboard;
			sourceTree = "<group>";
		};
/* End PBXVariantGroup section */

/* Begin XCBuildConfiguration section */
		AB42193B258ED84F00FA3993 /* Debug */ = {
			isa = XCBuildConfiguration;
			buildSettings = {
				ALWAYS_SEARCH_USER_PATHS = NO;
				CLANG_ANALYZER_NONNULL = YES;
				CLANG_ANALYZER_NUMBER_OBJECT_CONVERSION = YES_AGGRESSIVE;
				CLANG_CXX_LANGUAGE_STANDARD = "gnu++14";
				CLANG_CXX_LIBRARY = "libc++";
				CLANG_ENABLE_MODULES = YES;
				CLANG_ENABLE_OBJC_ARC = YES;
				CLANG_ENABLE_OBJC_WEAK = YES;
				CLANG_WARN_BLOCK_CAPTURE_AUTORELEASING = YES;
				CLANG_WARN_BOOL_CONVERSION = YES;
				CLANG_WARN_COMMA = YES;
				CLANG_WARN_CONSTANT_CONVERSION = YES;
				CLANG_WARN_DEPRECATED_OBJC_IMPLEMENTATIONS = YES;
				CLANG_WARN_DIRECT_OBJC_ISA_USAGE = YES_ERROR;
				CLANG_WARN_DOCUMENTATION_COMMENTS = YES;
				CLANG_WARN_EMPTY_BODY = YES;
				CLANG_WARN_ENUM_CONVERSION = YES;
				CLANG_WARN_INFINITE_RECURSION = YES;
				CLANG_WARN_INT_CONVERSION = YES;
				CLANG_WARN_NON_LITERAL_NULL_CONVERSION = YES;
				CLANG_WARN_OBJC_IMPLICIT_RETAIN_SELF = YES;
				CLANG_WARN_OBJC_LITERAL_CONVERSION = YES;
				CLANG_WARN_OBJC_ROOT_CLASS = YES_ERROR;
				CLANG_WARN_RANGE_LOOP_ANALYSIS = YES;
				CLANG_WARN_STRICT_PROTOTYPES = YES;
				CLANG_WARN_SUSPICIOUS_MOVE = YES;
				CLANG_WARN_UNGUARDED_AVAILABILITY = YES_AGGRESSIVE;
				CLANG_WARN_UNREACHABLE_CODE = YES;
				CLANG_WARN__DUPLICATE_METHOD_MATCH = YES;
				COPY_PHASE_STRIP = NO;
				DEBUG_INFORMATION_FORMAT = dwarf;
				ENABLE_STRICT_OBJC_MSGSEND = YES;
				ENABLE_TESTABILITY = YES;
				GCC_C_LANGUAGE_STANDARD = gnu11;
				GCC_DYNAMIC_NO_PIC = NO;
				GCC_NO_COMMON_BLOCKS = YES;
				GCC_OPTIMIZATION_LEVEL = 0;
				GCC_PREPROCESSOR_DEFINITIONS = (
					"DEBUG=1",
					"$(inherited)",
				);
				GCC_WARN_64_TO_32_BIT_CONVERSION = YES;
				GCC_WARN_ABOUT_RETURN_TYPE = YES_ERROR;
				GCC_WARN_UNDECLARED_SELECTOR = YES;
				GCC_WARN_UNINITIALIZED_AUTOS = YES_AGGRESSIVE;
				GCC_WARN_UNUSED_FUNCTION = YES;
				GCC_WARN_UNUSED_VARIABLE = YES;
				IPHONEOS_DEPLOYMENT_TARGET = 13.2;
				MTL_ENABLE_DEBUG_INFO = INCLUDE_SOURCE;
				MTL_FAST_MATH = YES;
				ONLY_ACTIVE_ARCH = YES;
				SDKROOT = iphoneos;
				SWIFT_ACTIVE_COMPILATION_CONDITIONS = DEBUG;
				SWIFT_OPTIMIZATION_LEVEL = "-Onone";
			};
			name = Debug;
		};
		AB42193C258ED84F00FA3993 /* Release */ = {
			isa = XCBuildConfiguration;
			buildSettings = {
				ALWAYS_SEARCH_USER_PATHS = NO;
				CLANG_ANALYZER_NONNULL = YES;
				CLANG_ANALYZER_NUMBER_OBJECT_CONVERSION = YES_AGGRESSIVE;
				CLANG_CXX_LANGUAGE_STANDARD = "gnu++14";
				CLANG_CXX_LIBRARY = "libc++";
				CLANG_ENABLE_MODULES = YES;
				CLANG_ENABLE_OBJC_ARC = YES;
				CLANG_ENABLE_OBJC_WEAK = YES;
				CLANG_WARN_BLOCK_CAPTURE_AUTORELEASING = YES;
				CLANG_WARN_BOOL_CONVERSION = YES;
				CLANG_WARN_COMMA = YES;
				CLANG_WARN_CONSTANT_CONVERSION = YES;
				CLANG_WARN_DEPRECATED_OBJC_IMPLEMENTATIONS = YES;
				CLANG_WARN_DIRECT_OBJC_ISA_USAGE = YES_ERROR;
				CLANG_WARN_DOCUMENTATION_COMMENTS = YES;
				CLANG_WARN_EMPTY_BODY = YES;
				CLANG_WARN_ENUM_CONVERSION = YES;
				CLANG_WARN_INFINITE_RECURSION = YES;
				CLANG_WARN_INT_CONVERSION = YES;
				CLANG_WARN_NON_LITERAL_NULL_CONVERSION = YES;
				CLANG_WARN_OBJC_IMPLICIT_RETAIN_SELF = YES;
				CLANG_WARN_OBJC_LITERAL_CONVERSION = YES;
				CLANG_WARN_OBJC_ROOT_CLASS = YES_ERROR;
				CLANG_WARN_RANGE_LOOP_ANALYSIS = YES;
				CLANG_WARN_STRICT_PROTOTYPES = YES;
				CLANG_WARN_SUSPICIOUS_MOVE = YES;
				CLANG_WARN_UNGUARDED_AVAILABILITY = YES_AGGRESSIVE;
				CLANG_WARN_UNREACHABLE_CODE = YES;
				CLANG_WARN__DUPLICATE_METHOD_MATCH = YES;
				COPY_PHASE_STRIP = NO;
				DEBUG_INFORMATION_FORMAT = "dwarf-with-dsym";
				ENABLE_NS_ASSERTIONS = NO;
				ENABLE_STRICT_OBJC_MSGSEND = YES;
				GCC_C_LANGUAGE_STANDARD = gnu11;
				GCC_NO_COMMON_BLOCKS = YES;
				GCC_WARN_64_TO_32_BIT_CONVERSION = YES;
				GCC_WARN_ABOUT_RETURN_TYPE = YES_ERROR;
				GCC_WARN_UNDECLARED_SELECTOR = YES;
				GCC_WARN_UNINITIALIZED_AUTOS = YES_AGGRESSIVE;
				GCC_WARN_UNUSED_FUNCTION = YES;
				GCC_WARN_UNUSED_VARIABLE = YES;
				IPHONEOS_DEPLOYMENT_TARGET = 13.2;
				MTL_ENABLE_DEBUG_INFO = NO;
				MTL_FAST_MATH = YES;
				SDKROOT = iphoneos;
				SWIFT_COMPILATION_MODE = wholemodule;
				SWIFT_OPTIMIZATION_LEVEL = "-O";
				VALIDATE_PRODUCT = YES;
			};
			name = Release;
		};
		AB42193E258ED84F00FA3993 /* Debug */ = {
			isa = XCBuildConfiguration;
			buildSettings = {
				ASSETCATALOG_COMPILER_APPICON_NAME = AppIcon;
				CODE_SIGN_STYLE = Automatic;
				INFOPLIST_FILE = MobileAndGamingDevices/Info.plist;
				LD_RUNPATH_SEARCH_PATHS = (
					"$(inherited)",
					"@executable_path/Frameworks",
				);
				PRODUCT_BUNDLE_IDENTIFIER = V8009688.MobileAndGamingDevices;
				PRODUCT_NAME = "$(TARGET_NAME)";
				SWIFT_VERSION = 5.0;
				TARGETED_DEVICE_FAMILY = "1,2";
			};
			name = Debug;
		};
		AB42193F258ED84F00FA3993 /* Release */ = {
			isa = XCBuildConfiguration;
			buildSettings = {
				ASSETCATALOG_COMPILER_APPICON_NAME = AppIcon;
				CODE_SIGN_STYLE = Automatic;
				INFOPLIST_FILE = MobileAndGamingDevices/Info.plist;
				LD_RUNPATH_SEARCH_PATHS = (
					"$(inherited)",
					"@executable_path/Frameworks",
				);
				PRODUCT_BUNDLE_IDENTIFIER = V8009688.MobileAndGamingDevices;
				PRODUCT_NAME = "$(TARGET_NAME)";
				SWIFT_VERSION = 5.0;
				TARGETED_DEVICE_FAMILY = "1,2";
			};
			name = Release;
		};
/* End XCBuildConfiguration section */

/* Begin XCConfigurationList section */
		AB421920258ED84E00FA3993 /* Build configuration list for PBXProject "MobileAndGamingDevices" */ = {
			isa = XCConfigurationList;
			buildConfigurations = (
				AB42193B258ED84F00FA3993 /* Debug */,
				AB42193C258ED84F00FA3993 /* Release */,
			);
			defaultConfigurationIsVisible = 0;
			defaultConfigurationName = Release;
		};
		AB42193D258ED84F00FA3993 /* Build configuration list for PBXNativeTarget "MobileAndGamingDevices" */ = {
			isa = XCConfigurationList;
			buildConfigurations = (
				AB42193E258ED84F00FA3993 /* Debug */,
				AB42193F258ED84F00FA3993 /* Release */,
			);
			defaultConfigurationIsVisible = 0;
			defaultConfigurationName = Release;
		};
/* End XCConfigurationList section */
	};
	rootObject = AB42191D258ED84E00FA3993 /* Project object */;
}
